
Microsoft Visual Studio Solution File, Format Version 12.00
# Visual Studio Version 16
VisualStudioVersion = 16.0.32106.194
MinimumVisualStudioVersion = 10.0.40219.1
Project("{9A19103F-16F7-4668-BE54-9A1E7A4F7556}") = "Week2Day1", "Week2Day1\Week2Day1.csproj", "{17809631-CF1B-4D8A-89F8-6BE14224159B}"
EndProject
Project("{9A19103F-16F7-4668-BE54-9A1E7A4F7556}") = "Week2Day2", "Week2Day2\Week2Day2.csproj", "{B5BAE4F1-4AE2-49F5-9497-107863DC3F31}"
EndProject
Project("{9A19103F-16F7-4668-BE54-9A1E7A4F7556}") = "Week3Day1", "Week3Day1\Week3Day1.csproj", "{03A35729-DCAE-49AB-9264-425F6C5EDC93}"
EndProject
Project("{9A19103F-16F7-4668-BE54-9A1E7A4F7556}") = "Week3Day2", "Week3Day2\Week3Day2.csproj", "{C45A4E83-096D-4F96-9870-E864C8B9764D}"
EndProject
Project("{9A19103F-16F7-4668-BE54-9A1E7A4F7556}") = "Week3Day3", "Week3Day3\Week3Day3.csproj", "{7C40D090-4DEB-43E2-8AC3-99EAB8C94D4D}"
EndProject
Project("{9A19103F-16F7-4668-BE54-9A1E7A4F7556}") = "Week4Day1", "Week4Day1\Week4Day1.csproj", "{527A0337-590D-440D-864F-65431BF01D4E}"
EndProject
Project("{9A19103F-16F7-4668-BE54-9A1E7A4F7556}") = "Week4Day2", "Week4Day2\Week4Day2.csproj", "{B041A89E-E0EB-467C-A631-258056BC2C9C}"
EndProject
Project("{9A19103F-16F7-4668-BE54-9A1E7A4F7556}") = "Week4Day3MockExam1_SwapMeet", "Week4Day3MockExam1_SwapMeet\Week4Day3MockExam1_SwapMeet.csproj", "{7E2D2377-5258-4716-B796-FE96D83BFADC}"
EndProject
Project("{9A19103F-16F7-4668-BE54-9A1E7A4F7556}") = "Week4Day3MockExam1_WingsHeaven", "Week4Day3MockExam1_WingsHeaven\Week4Day3MockExam1_WingsHeaven.csproj", "{D1A2AFCE-414B-4281-B796-3F0942A3BEEE}"
EndProject
Project("{9A19103F-16F7-4668-BE54-9A1E7A4F7556}") = "Week4Day3MockExam1_SwapMeet_Simple", "Week4Day3MockExam1_SwapMeet_Simple\Week4Day3MockExam1_SwapMeet_Simple.csproj", "{7F37E37A-CB7D-4F3A-9F09-8B1C25864079}"
EndProject
Project("{9A19103F-16F7-4668-BE54-9A1E7A4F7556}") = "Week4Day3MockExam1_WingsHeaven_Simple", "Week4Day3MockExam1_WingsHeaven_Simple\Week4Day3MockExam1_WingsHeaven_Simple.csproj", "{A70DA8E5-D234-416F-9B48-E41D8C3C04A9}"
EndProject
Project("{9A19103F-16F7-4668-BE54-9A1E7A4F7556}") = "Week5Day3", "Week5Day3\Week5Day3.csproj", "{E95D86A7-1D6A-4D24-A931-521E74BC8A13}"
EndProject
Project("{FAE04EC0-301F-11D3-BF4B-00C04F79EFBC}") = "Week6Day1 - MCE07", "Week6Day1\Week6Day1 - MCE07.csproj", "{C34DD971-6A7D-4799-BF03-D0ECE3B41281}"
EndProject
Project("{FAE04EC0-301F-11D3-BF4B-00C04F79EFBC}") = "Week6Day1 - For Loops", "Week6Day1 - For Loops\Week6Day1 - For Loops.csproj", "{D184CE49-0DB3-4A6B-A082-938CF03DDC85}"
EndProject
Global
	GlobalSection(SolutionConfigurationPlatforms) = preSolution
		Debug|Any CPU = Debug|Any CPU
		Release|Any CPU = Release|Any CPU
	EndGlobalSection
	GlobalSection(ProjectConfigurationPlatforms) = postSolution
		{17809631-CF1B-4D8A-89F8-6BE14224159B}.Debug|Any CPU.ActiveCfg = Debug|Any CPU
		{17809631-CF1B-4D8A-89F8-6BE14224159B}.Debug|Any CPU.Build.0 = Debug|Any CPU
		{17809631-CF1B-4D8A-89F8-6BE14224159B}.Release|Any CPU.ActiveCfg = Release|Any CPU
		{17809631-CF1B-4D8A-89F8-6BE14224159B}.Release|Any CPU.Build.0 = Release|Any CPU
		{B5BAE4F1-4AE2-49F5-9497-107863DC3F31}.Debug|Any CPU.ActiveCfg = Debug|Any CPU
		{B5BAE4F1-4AE2-49F5-9497-107863DC3F31}.Debug|Any CPU.Build.0 = Debug|Any CPU
		{B5BAE4F1-4AE2-49F5-9497-107863DC3F31}.Release|Any CPU.ActiveCfg = Release|Any CPU
		{B5BAE4F1-4AE2-49F5-9497-107863DC3F31}.Release|Any CPU.Build.0 = Release|Any CPU
		{03A35729-DCAE-49AB-9264-425F6C5EDC93}.Debug|Any CPU.ActiveCfg = Debug|Any CPU
		{03A35729-DCAE-49AB-9264-425F6C5EDC93}.Debug|Any CPU.Build.0 = Debug|Any CPU
		{03A35729-DCAE-49AB-9264-425F6C5EDC93}.Release|Any CPU.ActiveCfg = Release|Any CPU
		{03A35729-DCAE-49AB-9264-425F6C5EDC93}.Release|Any CPU.Build.0 = Release|Any CPU
		{C45A4E83-096D-4F96-9870-E864C8B9764D}.Debug|Any CPU.ActiveCfg = Debug|Any CPU
		{C45A4E83-096D-4F96-9870-E864C8B9764D}.Debug|Any CPU.Build.0 = Debug|Any CPU
		{C45A4E83-096D-4F96-9870-E864C8B9764D}.Release|Any CPU.ActiveCfg = Release|Any CPU
		{C45A4E83-096D-4F96-9870-E864C8B9764D}.Release|Any CPU.Build.0 = Release|Any CPU
		{7C40D090-4DEB-43E2-8AC3-99EAB8C94D4D}.Debug|Any CPU.ActiveCfg = Debug|Any CPU
		{7C40D090-4DEB-43E2-8AC3-99EAB8C94D4D}.Debug|Any CPU.Build.0 = Debug|Any CPU
		{7C40D090-4DEB-43E2-8AC3-99EAB8C94D4D}.Release|Any CPU.ActiveCfg = Release|Any CPU
		{7C40D090-4DEB-43E2-8AC3-99EAB8C94D4D}.Release|Any CPU.Build.0 = Release|Any CPU
		{527A0337-590D-440D-864F-65431BF01D4E}.Debug|Any CPU.ActiveCfg = Debug|Any CPU
		{527A0337-590D-440D-864F-65431BF01D4E}.Debug|Any CPU.Build.0 = Debug|Any CPU
		{527A0337-590D-440D-864F-65431BF01D4E}.Release|Any CPU.ActiveCfg = Release|Any CPU
		{527A0337-590D-440D-864F-65431BF01D4E}.Release|Any CPU.Build.0 = Release|Any CPU
		{B041A89E-E0EB-467C-A631-258056BC2C9C}.Debug|Any CPU.ActiveCfg = Debug|Any CPU
		{B041A89E-E0EB-467C-A631-258056BC2C9C}.Debug|Any CPU.Build.0 = Debug|Any CPU
		{B041A89E-E0EB-467C-A631-258056BC2C9C}.Release|Any CPU.ActiveCfg = Release|Any CPU
		{B041A89E-E0EB-467C-A631-258056BC2C9C}.Release|Any CPU.Build.0 = Release|Any CPU
		{7E2D2377-5258-4716-B796-FE96D83BFADC}.Debug|Any CPU.ActiveCfg = Debug|Any CPU
		{7E2D2377-5258-4716-B796-FE96D83BFADC}.Debug|Any CPU.Build.0 = Debug|Any CPU
		{7E2D2377-5258-4716-B796-FE96D83BFADC}.Release|Any CPU.ActiveCfg = Release|Any CPU
		{7E2D2377-5258-4716-B796-FE96D83BFADC}.Release|Any CPU.Build.0 = Release|Any CPU
		{D1A2AFCE-414B-4281-B796-3F0942A3BEEE}.Debug|Any CPU.ActiveCfg = Debug|Any CPU
		{D1A2AFCE-414B-4281-B796-3F0942A3BEEE}.Debug|Any CPU.Build.0 = Debug|Any CPU
		{D1A2AFCE-414B-4281-B796-3F0942A3BEEE}.Release|Any CPU.ActiveCfg = Release|Any CPU
		{D1A2AFCE-414B-4281-B796-3F0942A3BEEE}.Release|Any CPU.Build.0 = Release|Any CPU
		{7F37E37A-CB7D-4F3A-9F09-8B1C25864079}.Debug|Any CPU.ActiveCfg = Debug|Any CPU
		{7F37E37A-CB7D-4F3A-9F09-8B1C25864079}.Debug|Any CPU.Build.0 = Debug|Any CPU
		{7F37E37A-CB7D-4F3A-9F09-8B1C25864079}.Release|Any CPU.ActiveCfg = Release|Any CPU
		{7F37E37A-CB7D-4F3A-9F09-8B1C25864079}.Release|Any CPU.Build.0 = Release|Any CPU
		{A70DA8E5-D234-416F-9B48-E41D8C3C04A9}.Debug|Any CPU.ActiveCfg = Debug|Any CPU
		{A70DA8E5-D234-416F-9B48-E41D8C3C04A9}.Debug|Any CPU.Build.0 = Debug|Any CPU
		{A70DA8E5-D234-416F-9B48-E41D8C3C04A9}.Release|Any CPU.ActiveCfg = Release|Any CPU
		{A70DA8E5-D234-416F-9B48-E41D8C3C04A9}.Release|Any CPU.Build.0 = Release|Any CPU
		{E95D86A7-1D6A-4D24-A931-521E74BC8A13}.Debug|Any CPU.ActiveCfg = Debug|Any CPU
		{E95D86A7-1D6A-4D24-A931-521E74BC8A13}.Debug|Any CPU.Build.0 = Debug|Any CPU
		{E95D86A7-1D6A-4D24-A931-521E74BC8A13}.Release|Any CPU.ActiveCfg = Release|Any CPU
		{E95D86A7-1D6A-4D24-A931-521E74BC8A13}.Release|Any CPU.Build.0 = Release|Any CPU
		{C34DD971-6A7D-4799-BF03-D0ECE3B41281}.Debug|Any CPU.ActiveCfg = Debug|Any CPU
		{C34DD971-6A7D-4799-BF03-D0ECE3B41281}.Debug|Any CPU.Build.0 = Debug|Any CPU
		{C34DD971-6A7D-4799-BF03-D0ECE3B41281}.Release|Any CPU.ActiveCfg = Release|Any CPU
		{C34DD971-6A7D-4799-BF03-D0ECE3B41281}.Release|Any CPU.Build.0 = Release|Any CPU
		{D184CE49-0DB3-4A6B-A082-938CF03DDC85}.Debug|Any CPU.ActiveCfg = Debug|Any CPU
		{D184CE49-0DB3-4A6B-A082-938CF03DDC85}.Debug|Any CPU.Build.0 = Debug|Any CPU
		{D184CE49-0DB3-4A6B-A082-938CF03DDC85}.Release|Any CPU.ActiveCfg = Release|Any CPU
		{D184CE49-0DB3-4A6B-A082-938CF03DDC85}.Release|Any CPU.Build.0 = Release|Any CPU
	EndGlobalSection
	GlobalSection(SolutionProperties) = preSolution
		HideSolutionNode = FALSE
	EndGlobalSection
	GlobalSection(ExtensibilityGlobals) = postSolution
		SolutionGuid = {1DF92FD3-A866-49FF-822A-1A67B161CED9}
	EndGlobalSection
EndGlobal
